
Microsoft Visual Studio Solution File, Format Version 12.00
# Visual Studio Version 17
VisualStudioVersion = 17.9.34902.65
MinimumVisualStudioVersion = 10.0.40219.1
Project("{2150E333-8FDC-42A3-9474-1A3956D46DE8}") = "src", "src", "{3C7B8739-9F35-4144-BDF5-2EEFE966494D}"
EndProject
Project("{2150E333-8FDC-42A3-9474-1A3956D46DE8}") = "tests", "tests", "{4B41EC71-49D2-454E-8301-460060B23857}"
EndProject
Project("{9A19103F-16F7-4668-BE54-9A1E7A4F7556}") = "SharpTips.API", "src\SharpTips.API\SharpTips.API.csproj", "{1528AA5F-A2CA-4EC6-96AB-FA466DA3B4A3}"
EndProject
Project("{9A19103F-16F7-4668-BE54-9A1E7A4F7556}") = "SharpTips.Domain", "src\SharpTips.Domain\SharpTips.Domain.csproj", "{E7E9A376-D9C4-4795-9798-9101E61A57D4}"
EndProject
Project("{9A19103F-16F7-4668-BE54-9A1E7A4F7556}") = "SharpTips.Infrastructure", "src\SharpTips.Infrastructure\SharpTips.Infrastructure.csproj", "{0BF35E90-A979-4678-B6B4-027B91B57DC3}"
EndProject
Project("{2150E333-8FDC-42A3-9474-1A3956D46DE8}") = "SharpTips.Presentation", "SharpTips.Presentation", "{8E96E6C4-8FEB-4A4C-8A6E-E3D1A9D5BF57}"
EndProject
Project("{9A19103F-16F7-4668-BE54-9A1E7A4F7556}") = "SharpTips.Application", "src\SharpTips.Application\SharpTips.Application.csproj", "{43E886F1-3901-4AF9-918A-362FC773D737}"
EndProject
Project("{2150E333-8FDC-42A3-9474-1A3956D46DE8}") = "Shared", "Shared", "{8B21ED44-DD59-4EFD-AA27-4AC59289C107}"
EndProject
Project("{2150E333-8FDC-42A3-9474-1A3956D46DE8}") = "TypeScript", "TypeScript", "{D0FFAEB3-F157-487D-BE3C-2DA97E7AF1D7}"
	ProjectSection(SolutionItems) = preProject
		helpers.ts = helpers.ts
	EndProjectSection
EndProject
Project("{2150E333-8FDC-42A3-9474-1A3956D46DE8}") = "VueJS", "VueJS", "{F926842A-F8D0-48B4-B471-4CC992A235FF}"
EndProject
Project("{2150E333-8FDC-42A3-9474-1A3956D46DE8}") = "React", "React", "{2ED7E3DB-5441-4D79-9140-02AA557E4DCE}"
EndProject
Project("{2150E333-8FDC-42A3-9474-1A3956D46DE8}") = "Blazor", "Blazor", "{1D6E4D7C-D155-4B73-B993-E3F0E3C328EB}"
EndProject
Project("{2150E333-8FDC-42A3-9474-1A3956D46DE8}") = "src", "src", "{5ADBA487-5DE0-4357-A053-77DD711428AE}"
EndProject
Project("{2150E333-8FDC-42A3-9474-1A3956D46DE8}") = "tests", "tests", "{D4E70861-A65D-4D4D-8F0B-065997150B31}"
EndProject
Project("{2150E333-8FDC-42A3-9474-1A3956D46DE8}") = "src", "src", "{D3D2B104-F443-4D23-ADF2-09726BD8BD50}"
EndProject
Project("{2150E333-8FDC-42A3-9474-1A3956D46DE8}") = "tests", "tests", "{1479A129-0A81-40FF-B198-DC3CE883A205}"
EndProject
Project("{2150E333-8FDC-42A3-9474-1A3956D46DE8}") = "src", "src", "{05F90D31-FF18-4167-A608-BF8AE9C8CA2C}"
EndProject
Project("{2150E333-8FDC-42A3-9474-1A3956D46DE8}") = "tests", "tests", "{44F7D891-8042-4AA5-9E73-A467FD4F3020}"
EndProject
Global
	GlobalSection(SolutionConfigurationPlatforms) = preSolution
		Debug|Any CPU = Debug|Any CPU
		Release|Any CPU = Release|Any CPU
	EndGlobalSection
	GlobalSection(ProjectConfigurationPlatforms) = postSolution
		{1528AA5F-A2CA-4EC6-96AB-FA466DA3B4A3}.Debug|Any CPU.ActiveCfg = Debug|Any CPU
		{1528AA5F-A2CA-4EC6-96AB-FA466DA3B4A3}.Debug|Any CPU.Build.0 = Debug|Any CPU
		{1528AA5F-A2CA-4EC6-96AB-FA466DA3B4A3}.Release|Any CPU.ActiveCfg = Release|Any CPU
		{1528AA5F-A2CA-4EC6-96AB-FA466DA3B4A3}.Release|Any CPU.Build.0 = Release|Any CPU
		{E7E9A376-D9C4-4795-9798-9101E61A57D4}.Debug|Any CPU.ActiveCfg = Debug|Any CPU
		{E7E9A376-D9C4-4795-9798-9101E61A57D4}.Debug|Any CPU.Build.0 = Debug|Any CPU
		{E7E9A376-D9C4-4795-9798-9101E61A57D4}.Release|Any CPU.ActiveCfg = Release|Any CPU
		{E7E9A376-D9C4-4795-9798-9101E61A57D4}.Release|Any CPU.Build.0 = Release|Any CPU
		{0BF35E90-A979-4678-B6B4-027B91B57DC3}.Debug|Any CPU.ActiveCfg = Debug|Any CPU
		{0BF35E90-A979-4678-B6B4-027B91B57DC3}.Debug|Any CPU.Build.0 = Debug|Any CPU
		{0BF35E90-A979-4678-B6B4-027B91B57DC3}.Release|Any CPU.ActiveCfg = Release|Any CPU
		{0BF35E90-A979-4678-B6B4-027B91B57DC3}.Release|Any CPU.Build.0 = Release|Any CPU
		{43E886F1-3901-4AF9-918A-362FC773D737}.Debug|Any CPU.ActiveCfg = Debug|Any CPU
		{43E886F1-3901-4AF9-918A-362FC773D737}.Debug|Any CPU.Build.0 = Debug|Any CPU
		{43E886F1-3901-4AF9-918A-362FC773D737}.Release|Any CPU.ActiveCfg = Release|Any CPU
		{43E886F1-3901-4AF9-918A-362FC773D737}.Release|Any CPU.Build.0 = Release|Any CPU
	EndGlobalSection
	GlobalSection(SolutionProperties) = preSolution
		HideSolutionNode = FALSE
	EndGlobalSection
	GlobalSection(NestedProjects) = preSolution
		{1528AA5F-A2CA-4EC6-96AB-FA466DA3B4A3} = {3C7B8739-9F35-4144-BDF5-2EEFE966494D}
		{E7E9A376-D9C4-4795-9798-9101E61A57D4} = {3C7B8739-9F35-4144-BDF5-2EEFE966494D}
		{0BF35E90-A979-4678-B6B4-027B91B57DC3} = {3C7B8739-9F35-4144-BDF5-2EEFE966494D}
		{8E96E6C4-8FEB-4A4C-8A6E-E3D1A9D5BF57} = {3C7B8739-9F35-4144-BDF5-2EEFE966494D}
		{43E886F1-3901-4AF9-918A-362FC773D737} = {3C7B8739-9F35-4144-BDF5-2EEFE966494D}
		{8B21ED44-DD59-4EFD-AA27-4AC59289C107} = {8E96E6C4-8FEB-4A4C-8A6E-E3D1A9D5BF57}
		{D0FFAEB3-F157-487D-BE3C-2DA97E7AF1D7} = {8B21ED44-DD59-4EFD-AA27-4AC59289C107}
		{F926842A-F8D0-48B4-B471-4CC992A235FF} = {8E96E6C4-8FEB-4A4C-8A6E-E3D1A9D5BF57}
		{2ED7E3DB-5441-4D79-9140-02AA557E4DCE} = {8E96E6C4-8FEB-4A4C-8A6E-E3D1A9D5BF57}
		{1D6E4D7C-D155-4B73-B993-E3F0E3C328EB} = {8E96E6C4-8FEB-4A4C-8A6E-E3D1A9D5BF57}
		{5ADBA487-5DE0-4357-A053-77DD711428AE} = {1D6E4D7C-D155-4B73-B993-E3F0E3C328EB}
		{D4E70861-A65D-4D4D-8F0B-065997150B31} = {1D6E4D7C-D155-4B73-B993-E3F0E3C328EB}
		{D3D2B104-F443-4D23-ADF2-09726BD8BD50} = {2ED7E3DB-5441-4D79-9140-02AA557E4DCE}
		{1479A129-0A81-40FF-B198-DC3CE883A205} = {2ED7E3DB-5441-4D79-9140-02AA557E4DCE}
		{05F90D31-FF18-4167-A608-BF8AE9C8CA2C} = {F926842A-F8D0-48B4-B471-4CC992A235FF}
		{44F7D891-8042-4AA5-9E73-A467FD4F3020} = {F926842A-F8D0-48B4-B471-4CC992A235FF}
	EndGlobalSection
	GlobalSection(ExtensibilityGlobals) = postSolution
		SolutionGuid = {832FF30E-E0A5-4C3F-BBD4-837B2D620E18}
	EndGlobalSection
EndGlobal
